
Microsoft Visual Studio Solution File, Format Version 12.00
Project("{FAE04EC0-301F-11D3-BF4B-00C04F79EFBC}") = "Oexenhave.AzureDevOpsFetch", "Oexenhave.AzureDevOpsFetch.csproj", "{8BD3B72C-9FA9-43C9-B6EB-CAD817100B49}"
EndProject
Global
	GlobalSection(SolutionConfigurationPlatforms) = preSolution
		Debug|Any CPU = Debug|Any CPU
		Release|Any CPU = Release|Any CPU
	EndGlobalSection
	GlobalSection(ProjectConfigurationPlatforms) = postSolution
		{8BD3B72C-9FA9-43C9-B6EB-CAD817100B49}.Debug|Any CPU.ActiveCfg = Debug|Any CPU
		{8BD3B72C-9FA9-43C9-B6EB-CAD817100B49}.Debug|Any CPU.Build.0 = Debug|Any CPU
		{8BD3B72C-9FA9-43C9-B6EB-CAD817100B49}.Release|Any CPU.ActiveCfg = Release|Any CPU
		{8BD3B72C-9FA9-43C9-B6EB-CAD817100B49}.Release|Any CPU.Build.0 = Release|Any CPU
	EndGlobalSection
EndGlobal
